{
  "name": "@dmg/commons",
  "version": "1.0.0",
  "lockfileVersion": 2,
  "requires": true,
  "packages": {
    "": {
      "name": "@dmg/commons",
      "version": "1.0.0",
      "license": "ISC",
      "dependencies": {
        "docker-secret-env": "^0.2.1"
      }
    },
    "node_modules/docker-secret-env": {
      "version": "0.2.1",
      "resolved": "https://registry.npmjs.org/docker-secret-env/-/docker-secret-env-0.2.1.tgz",
      "integrity": "sha512-yF4mDO0dJ6es7nUNlohadZWi5delaj+SBMDGIBpjfgTKGtFQ3v4B2bzYGGTfrZ4WrWSS1DGndTDCJc1Oc1mg5w=="
    }
  },
  "dependencies": {
    "docker-secret-env": {
      "version": "0.2.1",
      "resolved": "https://registry.npmjs.org/docker-secret-env/-/docker-secret-env-0.2.1.tgz",
      "integrity": "sha512-yF4mDO0dJ6es7nUNlohadZWi5delaj+SBMDGIBpjfgTKGtFQ3v4B2bzYGGTfrZ4WrWSS1DGndTDCJc1Oc1mg5w=="
    }
  }
}
