{
  "name": "magician",
  "version": "1.0.0-beta.2",
  "lockfileVersion": 2,
  "requires": true,
  "packages": {
    "": {
      "name": "magician",
      "version": "1.0.0-beta.2",
      "license": "ISC",
      "dependencies": {
        "@darkmagician/baton": "^1.0.0-beta.1",
        "@hephaestus/eris": "^1.0.0-alpha.22"
      },
      "devDependencies": {
        "@types/dotenv": "^8.2.0",
        "dotenv": "^16.0.3"
      }
    },
    "node_modules/@darkmagician/baton": {
      "version": "1.0.0-beta.1",
      "resolved": "https://registry.npmjs.org/@darkmagician/baton/-/baton-1.0.0-beta.1.tgz",
      "integrity": "sha512-gt9R9xgIW8hRo6IXx8K6ofztt7pSSRFBT2TLggcHXzrkN101e1P8whNhU7I45STZl1hGYIyA2T+LItYT2IXHhA==",
      "dependencies": {
        "zeromq": "^6.0.0-beta.6"
      }
    },
    "node_modules/@hephaestus/core": {
      "version": "1.0.0-alpha.16",
      "resolved": "https://registry.npmjs.org/@hephaestus/core/-/core-1.0.0-alpha.16.tgz",
      "integrity": "sha512-XogX5GKuO+H+KuIPxGOFnWg3LB8F900opBQR6cJJXYk4ugdOGBIauBKfKf/d3/qAWD3WFgmAO7uqSIHgH8Bh4w==",
      "dependencies": {
        "@hephaestus/utils": "^1.0.0-alpha.8"
      }
    },
    "node_modules/@hephaestus/eris": {
      "version": "1.0.0-alpha.22",
      "resolved": "https://registry.npmjs.org/@hephaestus/eris/-/eris-1.0.0-alpha.22.tgz",
      "integrity": "sha512-gaJpXCRCn2wVkaCYFv5MnOPRQk7QP+G6f+5M7kMBetth3STtfeMYeuHvxE0oupb/R2ucDSGOD0OZID6Ev7CfoQ==",
      "dependencies": {
        "@hephaestus/core": "^1.0.0-alpha.16",
        "@hephaestus/utils": "^1.0.0-alpha.8"
      },
      "peerDependencies": {
        "eris": "^0.16.1"
      }
    },
    "node_modules/@hephaestus/utils": {
      "version": "1.0.0-alpha.8",
      "resolved": "https://registry.npmjs.org/@hephaestus/utils/-/utils-1.0.0-alpha.8.tgz",
      "integrity": "sha512-T2ITOQElqpiwf01wdqoCJ50bYRI3MUAQMNj1XGCpyzGMwLGrtHtNJcDuXKN+GOpTV80i3c36RQG9A+rsOZ1jMw==",
      "dependencies": {
        "type-fest": "^2.16.0"
      }
    },
    "node_modules/@types/dotenv": {
      "version": "8.2.0",
      "resolved": "https://registry.npmjs.org/@types/dotenv/-/dotenv-8.2.0.tgz",
      "integrity": "sha512-ylSC9GhfRH7m1EUXBXofhgx4lUWmFeQDINW5oLuS+gxWdfUeW4zJdeVTYVkexEW+e2VUvlZR2kGnGGipAWR7kw==",
      "deprecated": "This is a stub types definition. dotenv provides its own type definitions, so you do not need this installed.",
      "dev": true,
      "dependencies": {
        "dotenv": "*"
      }
    },
    "node_modules/dotenv": {
      "version": "16.0.3",
      "resolved": "https://registry.npmjs.org/dotenv/-/dotenv-16.0.3.tgz",
      "integrity": "sha512-7GO6HghkA5fYG9TYnNxi14/7K9f5occMlp3zXAuSxn7CKCxt9xbNWG7yF8hTCSUchlfWSe3uLmlPfigevRItzQ==",
      "dev": true,
      "engines": {
        "node": ">=12"
      }
    },
    "node_modules/eris": {
      "version": "0.16.1",
      "resolved": "https://registry.npmjs.org/eris/-/eris-0.16.1.tgz",
      "integrity": "sha512-fqjgaddSvUlUjA7s85OvZimLrgCwX58Z6FXOIxdNFJdT6XReJ/LOWZKdew2CaalM8BvN2JKzn98HmKYb3zMhKg==",
      "peer": true,
      "dependencies": {
        "ws": "^8.2.3"
      },
      "engines": {
        "node": ">=10.4.0"
      },
      "optionalDependencies": {
        "opusscript": "^0.0.8",
        "tweetnacl": "^1.0.3"
      }
    },
    "node_modules/node-gyp-build": {
      "version": "4.5.0",
      "resolved": "https://registry.npmjs.org/node-gyp-build/-/node-gyp-build-4.5.0.tgz",
      "integrity": "sha512-2iGbaQBV+ITgCz76ZEjmhUKAKVf7xfY1sRl4UiKQspfZMH2h06SyhNsnSVy50cwkFQDGLyif6m/6uFXHkOZ6rg==",
      "bin": {
        "node-gyp-build": "bin.js",
        "node-gyp-build-optional": "optional.js",
        "node-gyp-build-test": "build-test.js"
      }
    },
    "node_modules/opusscript": {
      "version": "0.0.8",
      "resolved": "https://registry.npmjs.org/opusscript/-/opusscript-0.0.8.tgz",
      "integrity": "sha512-VSTi1aWFuCkRCVq+tx/BQ5q9fMnQ9pVZ3JU4UHKqTkf0ED3fKEPdr+gKAAl3IA2hj9rrP6iyq3hlcJq3HELtNQ==",
      "optional": true,
      "peer": true
    },
    "node_modules/tweetnacl": {
      "version": "1.0.3",
      "resolved": "https://registry.npmjs.org/tweetnacl/-/tweetnacl-1.0.3.tgz",
      "integrity": "sha512-6rt+RN7aOi1nGMyC4Xa5DdYiukl2UWCbcJft7YhxReBGQD7OAM8Pbxw6YMo4r2diNEA8FEmu32YOn9rhaiE5yw==",
      "optional": true,
      "peer": true
    },
    "node_modules/type-fest": {
      "version": "2.19.0",
      "resolved": "https://registry.npmjs.org/type-fest/-/type-fest-2.19.0.tgz",
      "integrity": "sha512-RAH822pAdBgcNMAfWnCBU3CFZcfZ/i1eZjwFU/dsLKumyuuP3niueg2UAukXYF0E2AAoc82ZSSf9J0WQBinzHA==",
      "engines": {
        "node": ">=12.20"
      },
      "funding": {
        "url": "https://github.com/sponsors/sindresorhus"
      }
    },
    "node_modules/ws": {
      "version": "8.10.0",
      "resolved": "https://registry.npmjs.org/ws/-/ws-8.10.0.tgz",
      "integrity": "sha512-+s49uSmZpvtAsd2h37vIPy1RBusaLawVe8of+GyEPsaJTCMpj/2v8NpeK1SHXjBlQ95lQTmQofOJnFiLoaN3yw==",
      "peer": true,
      "engines": {
        "node": ">=10.0.0"
      },
      "peerDependencies": {
        "bufferutil": "^4.0.1",
        "utf-8-validate": "^5.0.2"
      },
      "peerDependenciesMeta": {
        "bufferutil": {
          "optional": true
        },
        "utf-8-validate": {
          "optional": true
        }
      }
    },
    "node_modules/zeromq": {
      "version": "6.0.0-beta.6",
      "resolved": "https://registry.npmjs.org/zeromq/-/zeromq-6.0.0-beta.6.tgz",
      "integrity": "sha512-wLf6M7pBHijl+BRltUL2VoDpgbQcOZetiX8UzycHL8CcYFxYnRrpoG5fi3UX3+Umavz1lk4/dGaQez8qiDgr/Q==",
      "hasInstallScript": true,
      "dependencies": {
        "node-gyp-build": "^4.1.0"
      },
      "engines": {
        "node": ">= 10.2"
      }
    }
  },
  "dependencies": {
    "@darkmagician/baton": {
      "version": "1.0.0-beta.1",
      "resolved": "https://registry.npmjs.org/@darkmagician/baton/-/baton-1.0.0-beta.1.tgz",
      "integrity": "sha512-gt9R9xgIW8hRo6IXx8K6ofztt7pSSRFBT2TLggcHXzrkN101e1P8whNhU7I45STZl1hGYIyA2T+LItYT2IXHhA==",
      "requires": {
        "zeromq": "^6.0.0-beta.6"
      }
    },
    "@hephaestus/core": {
      "version": "1.0.0-alpha.16",
      "resolved": "https://registry.npmjs.org/@hephaestus/core/-/core-1.0.0-alpha.16.tgz",
      "integrity": "sha512-XogX5GKuO+H+KuIPxGOFnWg3LB8F900opBQR6cJJXYk4ugdOGBIauBKfKf/d3/qAWD3WFgmAO7uqSIHgH8Bh4w==",
      "requires": {
        "@hephaestus/utils": "^1.0.0-alpha.8"
      }
    },
    "@hephaestus/eris": {
      "version": "1.0.0-alpha.22",
      "resolved": "https://registry.npmjs.org/@hephaestus/eris/-/eris-1.0.0-alpha.22.tgz",
      "integrity": "sha512-gaJpXCRCn2wVkaCYFv5MnOPRQk7QP+G6f+5M7kMBetth3STtfeMYeuHvxE0oupb/R2ucDSGOD0OZID6Ev7CfoQ==",
      "requires": {
        "@hephaestus/core": "^1.0.0-alpha.16",
        "@hephaestus/utils": "^1.0.0-alpha.8"
      }
    },
    "@hephaestus/utils": {
      "version": "1.0.0-alpha.8",
      "resolved": "https://registry.npmjs.org/@hephaestus/utils/-/utils-1.0.0-alpha.8.tgz",
      "integrity": "sha512-T2ITOQElqpiwf01wdqoCJ50bYRI3MUAQMNj1XGCpyzGMwLGrtHtNJcDuXKN+GOpTV80i3c36RQG9A+rsOZ1jMw==",
      "requires": {
        "type-fest": "^2.16.0"
      }
    },
    "@types/dotenv": {
      "version": "8.2.0",
      "resolved": "https://registry.npmjs.org/@types/dotenv/-/dotenv-8.2.0.tgz",
      "integrity": "sha512-ylSC9GhfRH7m1EUXBXofhgx4lUWmFeQDINW5oLuS+gxWdfUeW4zJdeVTYVkexEW+e2VUvlZR2kGnGGipAWR7kw==",
      "dev": true,
      "requires": {
        "dotenv": "*"
      }
    },
    "dotenv": {
      "version": "16.0.3",
      "resolved": "https://registry.npmjs.org/dotenv/-/dotenv-16.0.3.tgz",
      "integrity": "sha512-7GO6HghkA5fYG9TYnNxi14/7K9f5occMlp3zXAuSxn7CKCxt9xbNWG7yF8hTCSUchlfWSe3uLmlPfigevRItzQ==",
      "dev": true
    },
    "eris": {
      "version": "0.16.1",
      "resolved": "https://registry.npmjs.org/eris/-/eris-0.16.1.tgz",
      "integrity": "sha512-fqjgaddSvUlUjA7s85OvZimLrgCwX58Z6FXOIxdNFJdT6XReJ/LOWZKdew2CaalM8BvN2JKzn98HmKYb3zMhKg==",
      "peer": true,
      "requires": {
        "opusscript": "^0.0.8",
        "tweetnacl": "^1.0.3",
        "ws": "^8.2.3"
      }
    },
    "node-gyp-build": {
      "version": "4.5.0",
      "resolved": "https://registry.npmjs.org/node-gyp-build/-/node-gyp-build-4.5.0.tgz",
      "integrity": "sha512-2iGbaQBV+ITgCz76ZEjmhUKAKVf7xfY1sRl4UiKQspfZMH2h06SyhNsnSVy50cwkFQDGLyif6m/6uFXHkOZ6rg=="
    },
    "opusscript": {
      "version": "0.0.8",
      "resolved": "https://registry.npmjs.org/opusscript/-/opusscript-0.0.8.tgz",
      "integrity": "sha512-VSTi1aWFuCkRCVq+tx/BQ5q9fMnQ9pVZ3JU4UHKqTkf0ED3fKEPdr+gKAAl3IA2hj9rrP6iyq3hlcJq3HELtNQ==",
      "optional": true,
      "peer": true
    },
    "tweetnacl": {
      "version": "1.0.3",
      "resolved": "https://registry.npmjs.org/tweetnacl/-/tweetnacl-1.0.3.tgz",
      "integrity": "sha512-6rt+RN7aOi1nGMyC4Xa5DdYiukl2UWCbcJft7YhxReBGQD7OAM8Pbxw6YMo4r2diNEA8FEmu32YOn9rhaiE5yw==",
      "optional": true,
      "peer": true
    },
    "type-fest": {
      "version": "2.19.0",
      "resolved": "https://registry.npmjs.org/type-fest/-/type-fest-2.19.0.tgz",
      "integrity": "sha512-RAH822pAdBgcNMAfWnCBU3CFZcfZ/i1eZjwFU/dsLKumyuuP3niueg2UAukXYF0E2AAoc82ZSSf9J0WQBinzHA=="
    },
    "ws": {
      "version": "8.10.0",
      "resolved": "https://registry.npmjs.org/ws/-/ws-8.10.0.tgz",
      "integrity": "sha512-+s49uSmZpvtAsd2h37vIPy1RBusaLawVe8of+GyEPsaJTCMpj/2v8NpeK1SHXjBlQ95lQTmQofOJnFiLoaN3yw==",
      "peer": true,
      "requires": {}
    },
    "zeromq": {
      "version": "6.0.0-beta.6",
      "resolved": "https://registry.npmjs.org/zeromq/-/zeromq-6.0.0-beta.6.tgz",
      "integrity": "sha512-wLf6M7pBHijl+BRltUL2VoDpgbQcOZetiX8UzycHL8CcYFxYnRrpoG5fi3UX3+Umavz1lk4/dGaQez8qiDgr/Q==",
      "requires": {
        "node-gyp-build": "^4.1.0"
      }
    }
  }
}
